
Microsoft Visual Studio Solution File, Format Version 12.00
# Visual Studio Version 16
VisualStudioVersion = 16.0.31005.135
MinimumVisualStudioVersion = 10.0.40219.1
Project("{FAE04EC0-301F-11D3-BF4B-00C04F79EFBC}") = "UserMaintenance", "UserMaintenance\UserMaintenance.csproj", "{641C81CD-F648-4D0A-B260-2004B9FAF1F3}"
EndProject
Project("{FAE04EC0-301F-11D3-BF4B-00C04F79EFBC}") = "week4", "week4\week4.csproj", "{16AA1E51-81E6-4943-AD67-14AA5CF2E6DB}"
EndProject
Project("{FAE04EC0-301F-11D3-BF4B-00C04F79EFBC}") = "week6", "week6\week6.csproj", "{97391868-167D-46B8-ACDE-7ECD62E85821}"
EndProject
Project("{FAE04EC0-301F-11D3-BF4B-00C04F79EFBC}") = "week8", "week8\week8.csproj", "{0A5CBC0A-48A9-4BF3-ACFD-AE3C2924B256}"
EndProject
Project("{FAE04EC0-301F-11D3-BF4B-00C04F79EFBC}") = "UnitTestExample", "..\..\..\..\..\Downloads\UnitTestExample\UnitTestExample\UnitTestExample.csproj", "{F1FBDBB6-FEBA-421B-A647-484ED380E500}"
EndProject
Global
	GlobalSection(SolutionConfigurationPlatforms) = preSolution
		Debug|Any CPU = Debug|Any CPU
		Release|Any CPU = Release|Any CPU
	EndGlobalSection
	GlobalSection(ProjectConfigurationPlatforms) = postSolution
		{641C81CD-F648-4D0A-B260-2004B9FAF1F3}.Debug|Any CPU.ActiveCfg = Debug|Any CPU
		{641C81CD-F648-4D0A-B260-2004B9FAF1F3}.Debug|Any CPU.Build.0 = Debug|Any CPU
		{641C81CD-F648-4D0A-B260-2004B9FAF1F3}.Release|Any CPU.ActiveCfg = Release|Any CPU
		{641C81CD-F648-4D0A-B260-2004B9FAF1F3}.Release|Any CPU.Build.0 = Release|Any CPU
		{16AA1E51-81E6-4943-AD67-14AA5CF2E6DB}.Debug|Any CPU.ActiveCfg = Debug|Any CPU
		{16AA1E51-81E6-4943-AD67-14AA5CF2E6DB}.Debug|Any CPU.Build.0 = Debug|Any CPU
		{16AA1E51-81E6-4943-AD67-14AA5CF2E6DB}.Release|Any CPU.ActiveCfg = Release|Any CPU
		{16AA1E51-81E6-4943-AD67-14AA5CF2E6DB}.Release|Any CPU.Build.0 = Release|Any CPU
		{97391868-167D-46B8-ACDE-7ECD62E85821}.Debug|Any CPU.ActiveCfg = Debug|Any CPU
		{97391868-167D-46B8-ACDE-7ECD62E85821}.Debug|Any CPU.Build.0 = Debug|Any CPU
		{97391868-167D-46B8-ACDE-7ECD62E85821}.Release|Any CPU.ActiveCfg = Release|Any CPU
		{97391868-167D-46B8-ACDE-7ECD62E85821}.Release|Any CPU.Build.0 = Release|Any CPU
		{0A5CBC0A-48A9-4BF3-ACFD-AE3C2924B256}.Debug|Any CPU.ActiveCfg = Debug|Any CPU
		{0A5CBC0A-48A9-4BF3-ACFD-AE3C2924B256}.Debug|Any CPU.Build.0 = Debug|Any CPU
		{0A5CBC0A-48A9-4BF3-ACFD-AE3C2924B256}.Release|Any CPU.ActiveCfg = Release|Any CPU
		{0A5CBC0A-48A9-4BF3-ACFD-AE3C2924B256}.Release|Any CPU.Build.0 = Release|Any CPU
		{F1FBDBB6-FEBA-421B-A647-484ED380E500}.Debug|Any CPU.ActiveCfg = Debug|Any CPU
		{F1FBDBB6-FEBA-421B-A647-484ED380E500}.Debug|Any CPU.Build.0 = Debug|Any CPU
		{F1FBDBB6-FEBA-421B-A647-484ED380E500}.Release|Any CPU.ActiveCfg = Release|Any CPU
		{F1FBDBB6-FEBA-421B-A647-484ED380E500}.Release|Any CPU.Build.0 = Release|Any CPU
	EndGlobalSection
	GlobalSection(SolutionProperties) = preSolution
		HideSolutionNode = FALSE
	EndGlobalSection
	GlobalSection(ExtensibilityGlobals) = postSolution
		SolutionGuid = {FB0BD8FA-B3FD-406B-9751-9D4266A13E69}
	EndGlobalSection
EndGlobal
